// !$*UTF8*$!
{
	archiveVersion = 1;
	classes = {
	};
	objectVersion = 46;
	objects = {

/* Begin PBXBuildFile section */
		181E70901A5B0D7B005F71B3 /* main.m in Sources */ = {isa = PBXBuildFile; fileRef = 181E708F1A5B0D7B005F71B3 /* main.m */; };
		181E70931A5B0D7B005F71B3 /* AppDelegate.m in Sources */ = {isa = PBXBuildFile; fileRef = 181E70921A5B0D7B005F71B3 /* AppDelegate.m */; };
		181E70961A5B0D7B005F71B3 /* ViewController.m in Sources */ = {isa = PBXBuildFile; fileRef = 181E70951A5B0D7B005F71B3 /* ViewController.m */; };
		181E70991A5B0D7B005F71B3 /* Main.storyboard in Resources */ = {isa = PBXBuildFile; fileRef = 181E70971A5B0D7B005F71B3 /* Main.storyboard */; };
		181E709B1A5B0D7B005F71B3 /* Images.xcassets in Resources */ = {isa = PBXBuildFile; fileRef = 181E709A1A5B0D7B005F71B3 /* Images.xcassets */; };
		181E709E1A5B0D7B005F71B3 /* LaunchScreen.xib in Resources */ = {isa = PBXBuildFile; fileRef = 181E709C1A5B0D7B005F71B3 /* LaunchScreen.xib */; };
		181E70AA1A5B0D7C005F71B3 /* A04____________Tests.m in Sources */ = {isa = PBXBuildFile; fileRef = 181E70A91A5B0D7C005F71B3 /* A04____________Tests.m */; };
		181E70BD1A5B0D8F005F71B3 /* 1.jpg in Resources */ = {isa = PBXBuildFile; fileRef = 181E70B41A5B0D8F005F71B3 /* 1.jpg */; };
		181E70BE1A5B0D8F005F71B3 /* 2.jpg in Resources */ = {isa = PBXBuildFile; fileRef = 181E70B51A5B0D8F005F71B3 /* 2.jpg */; };
		181E70BF1A5B0D8F005F71B3 /* 3.jpg in Resources */ = {isa = PBXBuildFile; fileRef = 181E70B61A5B0D8F005F71B3 /* 3.jpg */; };
		181E70C01A5B0D8F005F71B3 /* 4.jpg in Resources */ = {isa = PBXBuildFile; fileRef = 181E70B71A5B0D8F005F71B3 /* 4.jpg */; };
		181E70C11A5B0D8F005F71B3 /* 5.jpg in Resources */ = {isa = PBXBuildFile; fileRef = 181E70B81A5B0D8F005F71B3 /* 5.jpg */; };
		181E70C21A5B0D8F005F71B3 /* 6.jpg in Resources */ = {isa = PBXBuildFile; fileRef = 181E70B91A5B0D8F005F71B3 /* 6.jpg */; };
		181E70C31A5B0D8F005F71B3 /* 7.jpg in Resources */ = {isa = PBXBuildFile; fileRef = 181E70BA1A5B0D8F005F71B3 /* 7.jpg */; };
		181E70C41A5B0D8F005F71B3 /* 8.jpg in Resources */ = {isa = PBXBuildFile; fileRef = 181E70BB1A5B0D8F005F71B3 /* 8.jpg */; };
		181E70C51A5B0D8F005F71B3 /* 9.jpg in Resources */ = {isa = PBXBuildFile; fileRef = 181E70BC1A5B0D8F005F71B3 /* 9.jpg */; };
/* End PBXBuildFile section */

/* Begin PBXContainerItemProxy section */
		181E70A41A5B0D7C005F71B3 /* PBXContainerItemProxy */ = {
			isa = PBXContainerItemProxy;
			containerPortal = 181E70821A5B0D7B005F71B3 /* Project object */;
			proxyType = 1;
			remoteGlobalIDString = 181E70891A5B0D7B005F71B3;
			remoteInfo = "A04.图片浏览器[转场动画]";
		};
/* End PBXContainerItemProxy section */

/* Begin PBXFileReference section */
		181E708A1A5B0D7B005F71B3 /* A04.图片浏览器[转场动画].app */ = {isa = PBXFileReference; explicitFileType = wrapper.application; includeInIndex = 0; path = "A04.图片浏览器[转场动画].app"; sourceTree = BUILT_PRODUCTS_DIR; };
		181E708E1A5B0D7B005F71B3 /* Info.plist */ = {isa = PBXFileReference; lastKnownFileType = text.plist.xml; path = Info.plist; sourceTree = "<group>"; };
		181E708F1A5B0D7B005F71B3 /* main.m */ = {isa = PBXFileReference; lastKnownFileType = sourcecode.c.objc; path = main.m; sourceTree = "<group>"; };
		181E70911A5B0D7B005F71B3 /* AppDelegate.h */ = {isa = PBXFileReference; lastKnownFileType = sourcecode.c.h; path = AppDelegate.h; sourceTree = "<group>"; };
		181E70921A5B0D7B005F71B3 /* AppDelegate.m */ = {isa = PBXFileReference; lastKnownFileType = sourcecode.c.objc; path = AppDelegate.m; sourceTree = "<group>"; };
		181E70941A5B0D7B005F71B3 /* ViewController.h */ = {isa = PBXFileReference; lastKnownFileType = sourcecode.c.h; path = ViewController.h; sourceTree = "<group>"; };
		181E70951A5B0D7B005F71B3 /* ViewController.m */ = {isa = PBXFileReference; lastKnownFileType = sourcecode.c.objc; path = ViewController.m; sourceTree = "<group>"; };
		181E70981A5B0D7B005F71B3 /* Base */ = {isa = PBXFileReference; lastKnownFileType = file.storyboard; name = Base; path = Base.lproj/Main.storyboard; sourceTree = "<group>"; };
		181E709A1A5B0D7B005F71B3 /* Images.xcassets */ = {isa = PBXFileReference; lastKnownFileType = folder.assetcatalog; path = Images.xcassets; sourceTree = "<group>"; };
		181E709D1A5B0D7B005F71B3 /* Base */ = {isa = PBXFileReference; lastKnownFileType = file.xib; name = Base; path = Base.lproj/LaunchScreen.xib; sourceTree = "<group>"; };
		181E70A31A5B0D7C005F71B3 /* A04.图片浏览器[转场动画]Tests.xctest */ = {isa = PBXFileReference; explicitFileType = wrapper.cfbundle; includeInIndex = 0; path = "A04.图片浏览器[转场动画]Tests.xctest"; sourceTree = BUILT_PRODUCTS_DIR; };
		181E70A81A5B0D7C005F71B3 /* Info.plist */ = {isa = PBXFileReference; lastKnownFileType = text.plist.xml; path = Info.plist; sourceTree = "<group>"; };
		181E70A91A5B0D7C005F71B3 /* A04____________Tests.m */ = {isa = PBXFileReference; lastKnownFileType = sourcecode.c.objc; path = "A04____________Tests.m"; sourceTree = "<group>"; };
		181E70B41A5B0D8F005F71B3 /* 1.jpg */ = {isa = PBXFileReference; lastKnownFileType = image.jpeg; path = 1.jpg; sourceTree = "<group>"; };
		181E70B51A5B0D8F005F71B3 /* 2.jpg */ = {isa = PBXFileReference; lastKnownFileType = image.jpeg; path = 2.jpg; sourceTree = "<group>"; };
		181E70B61A5B0D8F005F71B3 /* 3.jpg */ = {isa = PBXFileReference; lastKnownFileType = image.jpeg; path = 3.jpg; sourceTree = "<group>"; };
		181E70B71A5B0D8F005F71B3 /* 4.jpg */ = {isa = PBXFileReference; lastKnownFileType = image.jpeg; path = 4.jpg; sourceTree = "<group>"; };
		181E70B81A5B0D8F005F71B3 /* 5.jpg */ = {isa = PBXFileReference; lastKnownFileType = image.jpeg; path = 5.jpg; sourceTree = "<group>"; };
		181E70B91A5B0D8F005F71B3 /* 6.jpg */ = {isa = PBXFileReference; lastKnownFileType = image.jpeg; path = 6.jpg; sourceTree = "<group>"; };
		181E70BA1A5B0D8F005F71B3 /* 7.jpg */ = {isa = PBXFileReference; lastKnownFileType = image.jpeg; path = 7.jpg; sourceTree = "<group>"; };
		181E70BB1A5B0D8F005F71B3 /* 8.jpg */ = {isa = PBXFileReference; lastKnownFileType = image.jpeg; path = 8.jpg; sourceTree = "<group>"; };
		181E70BC1A5B0D8F005F71B3 /* 9.jpg */ = {isa = PBXFileReference; lastKnownFileType = image.jpeg; path = 9.jpg; sourceTree = "<group>"; };
/* End PBXFileReference section */

/* Begin PBXFrameworksBuildPhase section */
		181E70871A5B0D7B005F71B3 /* Frameworks */ = {
			isa = PBXFrameworksBuildPhase;
			buildActionMask = 2147483647;
			files = (
			);
			runOnlyForDeploymentPostprocessing = 0;
		};
		181E70A01A5B0D7C005F71B3 /* Frameworks */ = {
			isa = PBXFrameworksBuildPhase;
			buildActionMask = 2147483647;
			files = (
			);
			runOnlyForDeploymentPostprocessing = 0;
		};
/* End PBXFrameworksBuildPhase section */

/* Begin PBXGroup section */
		181E70811A5B0D7B005F71B3 = {
			isa = PBXGroup;
			children = (
				181E708C1A5B0D7B005F71B3 /* A04.图片浏览器[转场动画] */,
				181E70A61A5B0D7C005F71B3 /* A04.图片浏览器[转场动画]Tests */,
				181E708B1A5B0D7B005F71B3 /* Products */,
			);
			sourceTree = "<group>";
		};
		181E708B1A5B0D7B005F71B3 /* Products */ = {
			isa = PBXGroup;
			children = (
				181E708A1A5B0D7B005F71B3 /* A04.图片浏览器[转场动画].app */,
				181E70A31A5B0D7C005F71B3 /* A04.图片浏览器[转场动画]Tests.xctest */,
			);
			name = Products;
			sourceTree = "<group>";
		};
		181E708C1A5B0D7B005F71B3 /* A04.图片浏览器[转场动画] */ = {
			isa = PBXGroup;
			children = (
				181E70911A5B0D7B005F71B3 /* AppDelegate.h */,
				181E70921A5B0D7B005F71B3 /* AppDelegate.m */,
				181E70941A5B0D7B005F71B3 /* ViewController.h */,
				181E70951A5B0D7B005F71B3 /* ViewController.m */,
				181E70971A5B0D7B005F71B3 /* Main.storyboard */,
				181E709A1A5B0D7B005F71B3 /* Images.xcassets */,
				181E709C1A5B0D7B005F71B3 /* LaunchScreen.xib */,
				181E708D1A5B0D7B005F71B3 /* Supporting Files */,
			);
			path = "A04.图片浏览器[转场动画]";
			sourceTree = "<group>";
		};
		181E708D1A5B0D7B005F71B3 /* Supporting Files */ = {
			isa = PBXGroup;
			children = (
				181E70B31A5B0D8F005F71B3 /* pic */,
				181E708E1A5B0D7B005F71B3 /* Info.plist */,
				181E708F1A5B0D7B005F71B3 /* main.m */,
			);
			name = "Supporting Files";
			sourceTree = "<group>";
		};
		181E70A61A5B0D7C005F71B3 /* A04.图片浏览器[转场动画]Tests */ = {
			isa = PBXGroup;
			children = (
				181E70A91A5B0D7C005F71B3 /* A04____________Tests.m */,
				181E70A71A5B0D7C005F71B3 /* Supporting Files */,
			);
			path = "A04.图片浏览器[转场动画]Tests";
			sourceTree = "<group>";
		};
		181E70A71A5B0D7C005F71B3 /* Supporting Files */ = {
			isa = PBXGroup;
			children = (
				181E70A81A5B0D7C005F71B3 /* Info.plist */,
			);
			name = "Supporting Files";
			sourceTree = "<group>";
		};
		181E70B31A5B0D8F005F71B3 /* pic */ = {
			isa = PBXGroup;
			children = (
				181E70B41A5B0D8F005F71B3 /* 1.jpg */,
				181E70B51A5B0D8F005F71B3 /* 2.jpg */,
				181E70B61A5B0D8F005F71B3 /* 3.jpg */,
				181E70B71A5B0D8F005F71B3 /* 4.jpg */,
				181E70B81A5B0D8F005F71B3 /* 5.jpg */,
				181E70B91A5B0D8F005F71B3 /* 6.jpg */,
				181E70BA1A5B0D8F005F71B3 /* 7.jpg */,
				181E70BB1A5B0D8F005F71B3 /* 8.jpg */,
				181E70BC1A5B0D8F005F71B3 /* 9.jpg */,
			);
			path = pic;
			sourceTree = "<group>";
		};
/* End PBXGroup section */

/* Begin PBXNativeTarget section */
		181E70891A5B0D7B005F71B3 /* A04.图片浏览器[转场动画] */ = {
			isa = PBXNativeTarget;
			buildConfigurationList = 181E70AD1A5B0D7C005F71B3 /* Build configuration list for PBXNativeTarget "A04.图片浏览器[转场动画]" */;
			buildPhases = (
				181E70861A5B0D7B005F71B3 /* Sources */,
				181E70871A5B0D7B005F71B3 /* Frameworks */,
				181E70881A5B0D7B005F71B3 /* Resources */,
			);
			buildRules = (
			);
			dependencies = (
			);
			name = "A04.图片浏览器[转场动画]";
			productName = "A04.图片浏览器[转场动画]";
			productReference = 181E708A1A5B0D7B005F71B3 /* A04.图片浏览器[转场动画].app */;
			productType = "com.apple.product-type.application";
		};
		181E70A21A5B0D7C005F71B3 /* A04.图片浏览器[转场动画]Tests */ = {
			isa = PBXNativeTarget;
			buildConfigurationList = 181E70B01A5B0D7C005F71B3 /* Build configuration list for PBXNativeTarget "A04.图片浏览器[转场动画]Tests" */;
			buildPhases = (
				181E709F1A5B0D7C005F71B3 /* Sources */,
				181E70A01A5B0D7C005F71B3 /* Frameworks */,
				181E70A11A5B0D7C005F71B3 /* Resources */,
			);
			buildRules = (
			);
			dependencies = (
				181E70A51A5B0D7C005F71B3 /* PBXTargetDependency */,
			);
			name = "A04.图片浏览器[转场动画]Tests";
			productName = "A04.图片浏览器[转场动画]Tests";
			productReference = 181E70A31A5B0D7C005F71B3 /* A04.图片浏览器[转场动画]Tests.xctest */;
			productType = "com.apple.product-type.bundle.unit-test";
		};
/* End PBXNativeTarget section */

/* Begin PBXProject section */
		181E70821A5B0D7B005F71B3 /* Project object */ = {
			isa = PBXProject;
			attributes = {
				LastUpgradeCheck = 0610;
				ORGANIZATIONNAME = apple;
				TargetAttributes = {
					181E70891A5B0D7B005F71B3 = {
						CreatedOnToolsVersion = 6.1.1;
					};
					181E70A21A5B0D7C005F71B3 = {
						CreatedOnToolsVersion = 6.1.1;
						TestTargetID = 181E70891A5B0D7B005F71B3;
					};
				};
			};
			buildConfigurationList = 181E70851A5B0D7B005F71B3 /* Build configuration list for PBXProject "A04.图片浏览器[转场动画]" */;
			compatibilityVersion = "Xcode 3.2";
			developmentRegion = English;
			hasScannedForEncodings = 0;
			knownRegions = (
				en,
				Base,
			);
			mainGroup = 181E70811A5B0D7B005F71B3;
			productRefGroup = 181E708B1A5B0D7B005F71B3 /* Products */;
			projectDirPath = "";
			projectRoot = "";
			targets = (
				181E70891A5B0D7B005F71B3 /* A04.图片浏览器[转场动画] */,
				181E70A21A5B0D7C005F71B3 /* A04.图片浏览器[转场动画]Tests */,
			);
		};
/* End PBXProject section */

/* Begin PBXResourcesBuildPhase section */
		181E70881A5B0D7B005F71B3 /* Resources */ = {
			isa = PBXResourcesBuildPhase;
			buildActionMask = 2147483647;
			files = (
				181E70C41A5B0D8F005F71B3 /* 8.jpg in Resources */,
				181E70C21A5B0D8F005F71B3 /* 6.jpg in Resources */,
				181E70991A5B0D7B005F71B3 /* Main.storyboard in Resources */,
				181E70C11A5B0D8F005F71B3 /* 5.jpg in Resources */,
				181E70C01A5B0D8F005F71B3 /* 4.jpg in Resources */,
				181E70BD1A5B0D8F005F71B3 /* 1.jpg in Resources */,
				181E70BE1A5B0D8F005F71B3 /* 2.jpg in Resources */,
				181E70BF1A5B0D8F005F71B3 /* 3.jpg in Resources */,
				181E70C31A5B0D8F005F71B3 /* 7.jpg in Resources */,
				181E70C51A5B0D8F005F71B3 /* 9.jpg in Resources */,
				181E709E1A5B0D7B005F71B3 /* LaunchScreen.xib in Resources */,
				181E709B1A5B0D7B005F71B3 /* Images.xcassets in Resources */,
			);
			runOnlyForDeploymentPostprocessing = 0;
		};
		181E70A11A5B0D7C005F71B3 /* Resources */ = {
			isa = PBXResourcesBuildPhase;
			buildActionMask = 2147483647;
			files = (
			);
			runOnlyForDeploymentPostprocessing = 0;
		};
/* End PBXResourcesBuildPhase section */

/* Begin PBXSourcesBuildPhase section */
		181E70861A5B0D7B005F71B3 /* Sources */ = {
			isa = PBXSourcesBuildPhase;
			buildActionMask = 2147483647;
			files = (
				181E70961A5B0D7B005F71B3 /* ViewController.m in Sources */,
				181E70931A5B0D7B005F71B3 /* AppDelegate.m in Sources */,
				181E70901A5B0D7B005F71B3 /* main.m in Sources */,
			);
			runOnlyForDeploymentPostprocessing = 0;
		};
		181E709F1A5B0D7C005F71B3 /* Sources */ = {
			isa = PBXSourcesBuildPhase;
			buildActionMask = 2147483647;
			files = (
				181E70AA1A5B0D7C005F71B3 /* A04____________Tests.m in Sources */,
			);
			runOnlyForDeploymentPostprocessing = 0;
		};
/* End PBXSourcesBuildPhase section */

/* Begin PBXTargetDependency section */
		181E70A51A5B0D7C005F71B3 /* PBXTargetDependency */ = {
			isa = PBXTargetDependency;
			target = 181E70891A5B0D7B005F71B3 /* A04.图片浏览器[转场动画] */;
			targetProxy = 181E70A41A5B0D7C005F71B3 /* PBXContainerItemProxy */;
		};
/* End PBXTargetDependency section */

/* Begin PBXVariantGroup section */
		181E70971A5B0D7B005F71B3 /* Main.storyboard */ = {
			isa = PBXVariantGroup;
			children = (
				181E70981A5B0D7B005F71B3 /* Base */,
			);
			name = Main.storyboard;
			sourceTree = "<group>";
		};
		181E709C1A5B0D7B005F71B3 /* LaunchScreen.xib */ = {
			isa = PBXVariantGroup;
			children = (
				181E709D1A5B0D7B005F71B3 /* Base */,
			);
			name = LaunchScreen.xib;
			sourceTree = "<group>";
		};
/* End PBXVariantGroup section */

/* Begin XCBuildConfiguration section */
		181E70AB1A5B0D7C005F71B3 /* Debug */ = {
			isa = XCBuildConfiguration;
			buildSettings = {
				ALWAYS_SEARCH_USER_PATHS = NO;
				CLANG_CXX_LANGUAGE_STANDARD = "gnu++0x";
				CLANG_CXX_LIBRARY = "libc++";
				CLANG_ENABLE_MODULES = YES;
				CLANG_ENABLE_OBJC_ARC = YES;
				CLANG_WARN_BOOL_CONVERSION = YES;
				CLANG_WARN_CONSTANT_CONVERSION = YES;
				CLANG_WARN_DIRECT_OBJC_ISA_USAGE = YES_ERROR;
				CLANG_WARN_EMPTY_BODY = YES;
				CLANG_WARN_ENUM_CONVERSION = YES;
				CLANG_WARN_INT_CONVERSION = YES;
				CLANG_WARN_OBJC_ROOT_CLASS = YES_ERROR;
				CLANG_WARN_UNREACHABLE_CODE = YES;
				CLANG_WARN__DUPLICATE_METHOD_MATCH = YES;
				"CODE_SIGN_IDENTITY[sdk=iphoneos*]" = "iPhone Developer";
				COPY_PHASE_STRIP = NO;
				ENABLE_STRICT_OBJC_MSGSEND = YES;
				GCC_C_LANGUAGE_STANDARD = gnu99;
				GCC_DYNAMIC_NO_PIC = NO;
				GCC_OPTIMIZATION_LEVEL = 0;
				GCC_PREPROCESSOR_DEFINITIONS = (
					"DEBUG=1",
					"$(inherited)",
				);
				GCC_SYMBOLS_PRIVATE_EXTERN = NO;
				GCC_WARN_64_TO_32_BIT_CONVERSION = YES;
				GCC_WARN_ABOUT_RETURN_TYPE = YES_ERROR;
				GCC_WARN_UNDECLARED_SELECTOR = YES;
				GCC_WARN_UNINITIALIZED_AUTOS = YES_AGGRESSIVE;
				GCC_WARN_UNUSED_FUNCTION = YES;
				GCC_WARN_UNUSED_VARIABLE = YES;
				IPHONEOS_DEPLOYMENT_TARGET = 8.1;
				MTL_ENABLE_DEBUG_INFO = YES;
				ONLY_ACTIVE_ARCH = YES;
				SDKROOT = iphoneos;
				TARGETED_DEVICE_FAMILY = "1,2";
			};
			name = Debug;
		};
		181E70AC1A5B0D7C005F71B3 /* Release */ = {
			isa = XCBuildConfiguration;
			buildSettings = {
				ALWAYS_SEARCH_USER_PATHS = NO;
				CLANG_CXX_LANGUAGE_STANDARD = "gnu++0x";
				CLANG_CXX_LIBRARY = "libc++";
				CLANG_ENABLE_MODULES = YES;
				CLANG_ENABLE_OBJC_ARC = YES;
				CLANG_WARN_BOOL_CONVERSION = YES;
				CLANG_WARN_CONSTANT_CONVERSION = YES;
				CLANG_WARN_DIRECT_OBJC_ISA_USAGE = YES_ERROR;
				CLANG_WARN_EMPTY_BODY = YES;
				CLANG_WARN_ENUM_CONVERSION = YES;
				CLANG_WARN_INT_CONVERSION = YES;
				CLANG_WARN_OBJC_ROOT_CLASS = YES_ERROR;
				CLANG_WARN_UNREACHABLE_CODE = YES;
				CLANG_WARN__DUPLICATE_METHOD_MATCH = YES;
				"CODE_SIGN_IDENTITY[sdk=iphoneos*]" = "iPhone Developer";
				COPY_PHASE_STRIP = YES;
				ENABLE_NS_ASSERTIONS = NO;
				ENABLE_STRICT_OBJC_MSGSEND = YES;
				GCC_C_LANGUAGE_STANDARD = gnu99;
				GCC_WARN_64_TO_32_BIT_CONVERSION = YES;
				GCC_WARN_ABOUT_RETURN_TYPE = YES_ERROR;
				GCC_WARN_UNDECLARED_SELECTOR = YES;
				GCC_WARN_UNINITIALIZED_AUTOS = YES_AGGRESSIVE;
				GCC_WARN_UNUSED_FUNCTION = YES;
				GCC_WARN_UNUSED_VARIABLE = YES;
				IPHONEOS_DEPLOYMENT_TARGET = 8.1;
				MTL_ENABLE_DEBUG_INFO = NO;
				SDKROOT = iphoneos;
				TARGETED_DEVICE_FAMILY = "1,2";
				VALIDATE_PRODUCT = YES;
			};
			name = Release;
		};
		181E70AE1A5B0D7C005F71B3 /* Debug */ = {
			isa = XCBuildConfiguration;
			buildSettings = {
				ASSETCATALOG_COMPILER_APPICON_NAME = AppIcon;
				INFOPLIST_FILE = "A04.图片浏览器[转场动画]/Info.plist";
				LD_RUNPATH_SEARCH_PATHS = "$(inherited) @executable_path/Frameworks";
				PRODUCT_NAME = "$(TARGET_NAME)";
			};
			name = Debug;
		};
		181E70AF1A5B0D7C005F71B3 /* Release */ = {
			isa = XCBuildConfiguration;
			buildSettings = {
				ASSETCATALOG_COMPILER_APPICON_NAME = AppIcon;
				INFOPLIST_FILE = "A04.图片浏览器[转场动画]/Info.plist";
				LD_RUNPATH_SEARCH_PATHS = "$(inherited) @executable_path/Frameworks";
				PRODUCT_NAME = "$(TARGET_NAME)";
			};
			name = Release;
		};
		181E70B11A5B0D7C005F71B3 /* Debug */ = {
			isa = XCBuildConfiguration;
			buildSettings = {
				BUNDLE_LOADER = "$(TEST_HOST)";
				FRAMEWORK_SEARCH_PATHS = (
					"$(SDKROOT)/Developer/Library/Frameworks",
					"$(inherited)",
				);
				GCC_PREPROCESSOR_DEFINITIONS = (
					"DEBUG=1",
					"$(inherited)",
				);
				INFOPLIST_FILE = "A04.图片浏览器[转场动画]Tests/Info.plist";
				LD_RUNPATH_SEARCH_PATHS = "$(inherited) @executable_path/Frameworks @loader_path/Frameworks";
				PRODUCT_NAME = "$(TARGET_NAME)";
				TEST_HOST = "$(BUILT_PRODUCTS_DIR)/A04.图片浏览器[转场动画].app/A04.图片浏览器[转场动画]";
			};
			name = Debug;
		};
		181E70B21A5B0D7C005F71B3 /* Release */ = {
			isa = XCBuildConfiguration;
			buildSettings = {
				BUNDLE_LOADER = "$(TEST_HOST)";
				FRAMEWORK_SEARCH_PATHS = (
					"$(SDKROOT)/Developer/Library/Frameworks",
					"$(inherited)",
				);
				INFOPLIST_FILE = "A04.图片浏览器[转场动画]Tests/Info.plist";
				LD_RUNPATH_SEARCH_PATHS = "$(inherited) @executable_path/Frameworks @loader_path/Frameworks";
				PRODUCT_NAME = "$(TARGET_NAME)";
				TEST_HOST = "$(BUILT_PRODUCTS_DIR)/A04.图片浏览器[转场动画].app/A04.图片浏览器[转场动画]";
			};
			name = Release;
		};
/* End XCBuildConfiguration section */

/* Begin XCConfigurationList section */
		181E70851A5B0D7B005F71B3 /* Build configuration list for PBXProject "A04.图片浏览器[转场动画]" */ = {
			isa = XCConfigurationList;
			buildConfigurations = (
				181E70AB1A5B0D7C005F71B3 /* Debug */,
				181E70AC1A5B0D7C005F71B3 /* Release */,
			);
			defaultConfigurationIsVisible = 0;
			defaultConfigurationName = Release;
		};
		181E70AD1A5B0D7C005F71B3 /* Build configuration list for PBXNativeTarget "A04.图片浏览器[转场动画]" */ = {
			isa = XCConfigurationList;
			buildConfigurations = (
				181E70AE1A5B0D7C005F71B3 /* Debug */,
				181E70AF1A5B0D7C005F71B3 /* Release */,
			);
			defaultConfigurationIsVisible = 0;
		};
		181E70B01A5B0D7C005F71B3 /* Build configuration list for PBXNativeTarget "A04.图片浏览器[转场动画]Tests" */ = {
			isa = XCConfigurationList;
			buildConfigurations = (
				181E70B11A5B0D7C005F71B3 /* Debug */,
				181E70B21A5B0D7C005F71B3 /* Release */,
			);
			defaultConfigurationIsVisible = 0;
		};
/* End XCConfigurationList section */
	};
	rootObject = 181E70821A5B0D7B005F71B3 /* Project object */;
}
