<?xml version="1.0" encoding="UTF-8"?>
<Scheme
   LastUpgradeVersion = "0710"
   version = "1.3">
   <BuildAction
      parallelizeBuildables = "YES"
      buildImplicitDependencies = "YES">
      <BuildActionEntries>
         <BuildActionEntry
            buildForTesting = "YES"
            buildForRunning = "YES"
            buildForProfiling = "YES"
            buildForArchiving = "YES"
            buildForAnalyzing = "YES">
            <BuildableReference
               BuildableIdentifier = "primary"
               BlueprintIdentifier = "181E70891A5B0D7B005F71B3"
               BuildableName = "A04.&#x56fe;&#x7247;&#x6d4f;&#x89c8;&#x5668;[&#x8f6c;&#x573a;&#x52a8;&#x753b;].app"
               BlueprintName = "A04.&#x56fe;&#x7247;&#x6d4f;&#x89c8;&#x5668;[&#x8f6c;&#x573a;&#x52a8;&#x753b;]"
               ReferencedContainer = "container:A04.&#x56fe;&#x7247;&#x6d4f;&#x89c8;&#x5668;[&#x8f6c;&#x573a;&#x52a8;&#x753b;].xcodeproj">
            </BuildableReference>
         </BuildActionEntry>
      </BuildActionEntries>
   </BuildAction>
   <TestAction
      buildConfiguration = "Debug"
      selectedDebuggerIdentifier = "Xcode.DebuggerFoundation.Debugger.LLDB"
      selectedLauncherIdentifier = "Xcode.DebuggerFoundation.Launcher.LLDB"
      shouldUseLaunchSchemeArgsEnv = "YES">
      <Testables>
         <TestableReference
            skipped = "NO">
            <BuildableReference
               BuildableIdentifier = "primary"
               BlueprintIdentifier = "181E70A21A5B0D7C005F71B3"
               BuildableName = "A04.&#x56fe;&#x7247;&#x6d4f;&#x89c8;&#x5668;[&#x8f6c;&#x573a;&#x52a8;&#x753b;]Tests.xctest"
               BlueprintName = "A04.&#x56fe;&#x7247;&#x6d4f;&#x89c8;&#x5668;[&#x8f6c;&#x573a;&#x52a8;&#x753b;]Tests"
               ReferencedContainer = "container:A04.&#x56fe;&#x7247;&#x6d4f;&#x89c8;&#x5668;[&#x8f6c;&#x573a;&#x52a8;&#x753b;].xcodeproj">
            </BuildableReference>
         </TestableReference>
      </Testables>
      <MacroExpansion>
         <BuildableReference
            BuildableIdentifier = "primary"
            BlueprintIdentifier = "181E70891A5B0D7B005F71B3"
            BuildableName = "A04.&#x56fe;&#x7247;&#x6d4f;&#x89c8;&#x5668;[&#x8f6c;&#x573a;&#x52a8;&#x753b;].app"
            BlueprintName = "A04.&#x56fe;&#x7247;&#x6d4f;&#x89c8;&#x5668;[&#x8f6c;&#x573a;&#x52a8;&#x753b;]"
            ReferencedContainer = "container:A04.&#x56fe;&#x7247;&#x6d4f;&#x89c8;&#x5668;[&#x8f6c;&#x573a;&#x52a8;&#x753b;].xcodeproj">
         </BuildableReference>
      </MacroExpansion>
      <AdditionalOptions>
      </AdditionalOptions>
   </TestAction>
   <LaunchAction
      buildConfiguration = "Debug"
      selectedDebuggerIdentifier = "Xcode.DebuggerFoundation.Debugger.LLDB"
      selectedLauncherIdentifier = "Xcode.DebuggerFoundation.Launcher.LLDB"
      launchStyle = "0"
      useCustomWorkingDirectory = "NO"
      ignoresPersistentStateOnLaunch = "NO"
      debugDocumentVersioning = "YES"
      debugServiceExtension = "internal"
      allowLocationSimulation = "YES">
      <BuildableProductRunnable
         runnableDebuggingMode = "0">
         <BuildableReference
            BuildableIdentifier = "primary"
            BlueprintIdentifier = "181E70891A5B0D7B005F71B3"
            BuildableName = "A04.&#x56fe;&#x7247;&#x6d4f;&#x89c8;&#x5668;[&#x8f6c;&#x573a;&#x52a8;&#x753b;].app"
            BlueprintName = "A04.&#x56fe;&#x7247;&#x6d4f;&#x89c8;&#x5668;[&#x8f6c;&#x573a;&#x52a8;&#x753b;]"
            ReferencedContainer = "container:A04.&#x56fe;&#x7247;&#x6d4f;&#x89c8;&#x5668;[&#x8f6c;&#x573a;&#x52a8;&#x753b;].xcodeproj">
         </BuildableReference>
      </BuildableProductRunnable>
      <AdditionalOptions>
      </AdditionalOptions>
   </LaunchAction>
   <ProfileAction
      buildConfiguration = "Release"
      shouldUseLaunchSchemeArgsEnv = "YES"
      savedToolIdentifier = ""
      useCustomWorkingDirectory = "NO"
      debugDocumentVersioning = "YES">
      <BuildableProductRunnable
         runnableDebuggingMode = "0">
         <BuildableReference
            BuildableIdentifier = "primary"
            BlueprintIdentifier = "181E70891A5B0D7B005F71B3"
            BuildableName = "A04.&#x56fe;&#x7247;&#x6d4f;&#x89c8;&#x5668;[&#x8f6c;&#x573a;&#x52a8;&#x753b;].app"
            BlueprintName = "A04.&#x56fe;&#x7247;&#x6d4f;&#x89c8;&#x5668;[&#x8f6c;&#x573a;&#x52a8;&#x753b;]"
            ReferencedContainer = "container:A04.&#x56fe;&#x7247;&#x6d4f;&#x89c8;&#x5668;[&#x8f6c;&#x573a;&#x52a8;&#x753b;].xcodeproj">
         </BuildableReference>
      </BuildableProductRunnable>
   </ProfileAction>
   <AnalyzeAction
      buildConfiguration = "Debug">
   </AnalyzeAction>
   <ArchiveAction
      buildConfiguration = "Release"
      revealArchiveInOrganizer = "YES">
   </ArchiveAction>
</Scheme>
